
Microsoft Visual Studio Solution File, Format Version 12.00
# Visual Studio Version 17
VisualStudioVersion = 17.12.35527.113 d17.12
MinimumVisualStudioVersion = 10.0.40219.1
Project("{2150E333-8FDC-42A3-9474-1A3956D46DE8}") = "src", "src", "{7CF0ADF3-3CF6-4E30-B1BB-CC4BBDDC81C7}"
EndProject
Project("{2150E333-8FDC-42A3-9474-1A3956D46DE8}") = "docs", "docs", "{1F914CCE-D5FE-4911-BE9E-2F6251BAC92C}"
EndProject
Project("{2150E333-8FDC-42A3-9474-1A3956D46DE8}") = "tests", "tests", "{A668596B-8363-406E-90C3-FDA82C684D21}"
EndProject
Project("{2150E333-8FDC-42A3-9474-1A3956D46DE8}") = "main", "main", "{AB2711AA-7474-4AB4-8503-65489ACF033D}"
EndProject
Project("{FAE04EC0-301F-11D3-BF4B-00C04F79EFBC}") = "ML.Api", "ML.Api\ML.Api.csproj", "{6CABBA81-C490-4C6F-8769-D661FCA5B6A3}"
EndProject
Project("{FAE04EC0-301F-11D3-BF4B-00C04F79EFBC}") = "ML.Application", "ML.Application\ML.Application.csproj", "{D8AC1CA1-627D-4EF5-B024-25B73F98CF80}"
EndProject
Project("{FAE04EC0-301F-11D3-BF4B-00C04F79EFBC}") = "ML.Infrastructure", "ML.Infrastructure\ML.Infrastructure.csproj", "{A4A3F6FD-FC03-4CE8-B01B-13480D20FBA9}"
EndProject
Project("{FAE04EC0-301F-11D3-BF4B-00C04F79EFBC}") = "ML.Domain", "ML.Domain\ML.Domain.csproj", "{AD4A1309-9699-4C58-9134-FE6180055A71}"
EndProject
Project("{FAE04EC0-301F-11D3-BF4B-00C04F79EFBC}") = "Application.FunctionalTests", "Application.FunctionalTests\Application.FunctionalTests.csproj", "{4FA49A1F-AE2C-42CF-9197-64821E4782C9}"
EndProject
Global
	GlobalSection(SolutionConfigurationPlatforms) = preSolution
		Debug|Any CPU = Debug|Any CPU
		Release|Any CPU = Release|Any CPU
	EndGlobalSection
	GlobalSection(ProjectConfigurationPlatforms) = postSolution
		{6CABBA81-C490-4C6F-8769-D661FCA5B6A3}.Debug|Any CPU.ActiveCfg = Debug|Any CPU
		{6CABBA81-C490-4C6F-8769-D661FCA5B6A3}.Debug|Any CPU.Build.0 = Debug|Any CPU
		{6CABBA81-C490-4C6F-8769-D661FCA5B6A3}.Release|Any CPU.ActiveCfg = Release|Any CPU
		{6CABBA81-C490-4C6F-8769-D661FCA5B6A3}.Release|Any CPU.Build.0 = Release|Any CPU
		{D8AC1CA1-627D-4EF5-B024-25B73F98CF80}.Debug|Any CPU.ActiveCfg = Debug|Any CPU
		{D8AC1CA1-627D-4EF5-B024-25B73F98CF80}.Debug|Any CPU.Build.0 = Debug|Any CPU
		{D8AC1CA1-627D-4EF5-B024-25B73F98CF80}.Release|Any CPU.ActiveCfg = Release|Any CPU
		{D8AC1CA1-627D-4EF5-B024-25B73F98CF80}.Release|Any CPU.Build.0 = Release|Any CPU
		{A4A3F6FD-FC03-4CE8-B01B-13480D20FBA9}.Debug|Any CPU.ActiveCfg = Debug|Any CPU
		{A4A3F6FD-FC03-4CE8-B01B-13480D20FBA9}.Debug|Any CPU.Build.0 = Debug|Any CPU
		{A4A3F6FD-FC03-4CE8-B01B-13480D20FBA9}.Release|Any CPU.ActiveCfg = Release|Any CPU
		{A4A3F6FD-FC03-4CE8-B01B-13480D20FBA9}.Release|Any CPU.Build.0 = Release|Any CPU
		{AD4A1309-9699-4C58-9134-FE6180055A71}.Debug|Any CPU.ActiveCfg = Debug|Any CPU
		{AD4A1309-9699-4C58-9134-FE6180055A71}.Debug|Any CPU.Build.0 = Debug|Any CPU
		{AD4A1309-9699-4C58-9134-FE6180055A71}.Release|Any CPU.ActiveCfg = Release|Any CPU
		{AD4A1309-9699-4C58-9134-FE6180055A71}.Release|Any CPU.Build.0 = Release|Any CPU
		{4FA49A1F-AE2C-42CF-9197-64821E4782C9}.Debug|Any CPU.ActiveCfg = Debug|Any CPU
		{4FA49A1F-AE2C-42CF-9197-64821E4782C9}.Debug|Any CPU.Build.0 = Debug|Any CPU
		{4FA49A1F-AE2C-42CF-9197-64821E4782C9}.Release|Any CPU.ActiveCfg = Release|Any CPU
		{4FA49A1F-AE2C-42CF-9197-64821E4782C9}.Release|Any CPU.Build.0 = Release|Any CPU
	EndGlobalSection
	GlobalSection(SolutionProperties) = preSolution
		HideSolutionNode = FALSE
	EndGlobalSection
	GlobalSection(NestedProjects) = preSolution
		{A668596B-8363-406E-90C3-FDA82C684D21} = {7CF0ADF3-3CF6-4E30-B1BB-CC4BBDDC81C7}
		{AB2711AA-7474-4AB4-8503-65489ACF033D} = {7CF0ADF3-3CF6-4E30-B1BB-CC4BBDDC81C7}
		{6CABBA81-C490-4C6F-8769-D661FCA5B6A3} = {AB2711AA-7474-4AB4-8503-65489ACF033D}
		{D8AC1CA1-627D-4EF5-B024-25B73F98CF80} = {AB2711AA-7474-4AB4-8503-65489ACF033D}
		{A4A3F6FD-FC03-4CE8-B01B-13480D20FBA9} = {AB2711AA-7474-4AB4-8503-65489ACF033D}
		{AD4A1309-9699-4C58-9134-FE6180055A71} = {AB2711AA-7474-4AB4-8503-65489ACF033D}
		{4FA49A1F-AE2C-42CF-9197-64821E4782C9} = {A668596B-8363-406E-90C3-FDA82C684D21}
	EndGlobalSection
EndGlobal
