
Microsoft Visual Studio Solution File, Format Version 12.00
# Visual Studio Version 17
VisualStudioVersion = 17.12.35527.113
MinimumVisualStudioVersion = 10.0.40219.1
Project("{2150E333-8FDC-42A3-9474-1A3956D46DE8}") = "src", "src", "{7CF0ADF3-3CF6-4E30-B1BB-CC4BBDDC81C7}"
EndProject
Project("{2150E333-8FDC-42A3-9474-1A3956D46DE8}") = "docs", "docs", "{1F914CCE-D5FE-4911-BE9E-2F6251BAC92C}"
	ProjectSection(SolutionItems) = preProject
		..\..\..\..\..\..\OneDrive\Documents\University of Lincoln Computer Science\Courses\Software Engineering\Assessment\29353479-Isaac-Oselukwue-Project-Charter.pdf = ..\..\..\..\..\..\OneDrive\Documents\University of Lincoln Computer Science\Courses\Software Engineering\Assessment\29353479-Isaac-Oselukwue-Project-Charter.pdf
		..\..\..\..\..\..\OneDrive\Documents\University of Lincoln Computer Science\Courses\Software Engineering\Assessment\29353479-Isaac-Oselukwue-Project-Schedule_succinct.pdf = ..\..\..\..\..\..\OneDrive\Documents\University of Lincoln Computer Science\Courses\Software Engineering\Assessment\29353479-Isaac-Oselukwue-Project-Schedule_succinct.pdf
		..\..\..\..\..\..\OneDrive\Documents\University of Lincoln Computer Science\Courses\Software Engineering\Assessment\29353479-Isaac-Oselukwue-Work-Breakdown-Structure.pdf = ..\..\..\..\..\..\OneDrive\Documents\University of Lincoln Computer Science\Courses\Software Engineering\Assessment\29353479-Isaac-Oselukwue-Work-Breakdown-Structure.pdf
	EndProjectSection
EndProject
Project("{2150E333-8FDC-42A3-9474-1A3956D46DE8}") = "tests", "tests", "{A668596B-8363-406E-90C3-FDA82C684D21}"
EndProject
Project("{2150E333-8FDC-42A3-9474-1A3956D46DE8}") = "main", "main", "{AB2711AA-7474-4AB4-8503-65489ACF033D}"
EndProject
Project("{FAE04EC0-301F-11D3-BF4B-00C04F79EFBC}") = "ML.Application.FunctionalTests", "src\tests\ML.Application.FunctionalTests\ML.Application.FunctionalTests.csproj", "{FE4D747A-DBEA-4700-9C3D-782C557D4D5A}"
EndProject
Project("{FAE04EC0-301F-11D3-BF4B-00C04F79EFBC}") = "ML.Api", "src\main\ML.Api\ML.Api.csproj", "{F7EC1FAD-612D-4D41-B140-2BCCECF6D75F}"
EndProject
Project("{FAE04EC0-301F-11D3-BF4B-00C04F79EFBC}") = "ML.Application", "src\main\ML.Application\ML.Application.csproj", "{5C908C45-4EF6-4C3E-BC7A-11B0E4E18E70}"
EndProject
Project("{FAE04EC0-301F-11D3-BF4B-00C04F79EFBC}") = "ML.Domain", "src\main\ML.Domain\ML.Domain.csproj", "{294E4BE3-6FEA-48BF-AC83-C484A8440687}"
EndProject
Project("{FAE04EC0-301F-11D3-BF4B-00C04F79EFBC}") = "ML.Infrastructure", "src\main\ML.Infrastructure\ML.Infrastructure.csproj", "{5BFDDD13-894A-4155-9697-66CA0B6FFE18}"
EndProject
Project("{FAE04EC0-301F-11D3-BF4B-00C04F79EFBC}") = "ML.Service", "src\main\ML.Service\ML.Service.csproj", "{4D0ECC4C-7D26-297C-6222-E9323EC0DE75}"
EndProject
Project("{FAE04EC0-301F-11D3-BF4B-00C04F79EFBC}") = "ML.IntegrationTests", "src\tests\ML.IntegrationTests\ML.IntegrationTests.csproj", "{41760E84-6E0A-F0B4-D2E8-F169C475740F}"
EndProject
Project("{FAE04EC0-301F-11D3-BF4B-00C04F79EFBC}") = "ML.Web", "src\main\ML.Web\ML.Web.csproj", "{77F073BB-C745-E00D-1110-71C0455EF785}"
EndProject
Project("{2150E333-8FDC-42A3-9474-1A3956D46DE8}") = "Solution Items", "Solution Items", "{8EC462FD-D22E-90A8-E5CE-7E832BA40C5D}"
	ProjectSection(SolutionItems) = preProject
		docker\.env = docker\.env
		docker\docker-compose.yml = docker\docker-compose.yml
	EndProjectSection
EndProject
Global
	GlobalSection(SolutionConfigurationPlatforms) = preSolution
		Debug|Any CPU = Debug|Any CPU
		Release|Any CPU = Release|Any CPU
	EndGlobalSection
	GlobalSection(ProjectConfigurationPlatforms) = postSolution
		{FE4D747A-DBEA-4700-9C3D-782C557D4D5A}.Debug|Any CPU.ActiveCfg = Debug|Any CPU
		{FE4D747A-DBEA-4700-9C3D-782C557D4D5A}.Debug|Any CPU.Build.0 = Debug|Any CPU
		{FE4D747A-DBEA-4700-9C3D-782C557D4D5A}.Release|Any CPU.ActiveCfg = Release|Any CPU
		{FE4D747A-DBEA-4700-9C3D-782C557D4D5A}.Release|Any CPU.Build.0 = Release|Any CPU
		{F7EC1FAD-612D-4D41-B140-2BCCECF6D75F}.Debug|Any CPU.ActiveCfg = Debug|Any CPU
		{F7EC1FAD-612D-4D41-B140-2BCCECF6D75F}.Debug|Any CPU.Build.0 = Debug|Any CPU
		{F7EC1FAD-612D-4D41-B140-2BCCECF6D75F}.Release|Any CPU.ActiveCfg = Release|Any CPU
		{F7EC1FAD-612D-4D41-B140-2BCCECF6D75F}.Release|Any CPU.Build.0 = Release|Any CPU
		{5C908C45-4EF6-4C3E-BC7A-11B0E4E18E70}.Debug|Any CPU.ActiveCfg = Debug|Any CPU
		{5C908C45-4EF6-4C3E-BC7A-11B0E4E18E70}.Debug|Any CPU.Build.0 = Debug|Any CPU
		{5C908C45-4EF6-4C3E-BC7A-11B0E4E18E70}.Release|Any CPU.ActiveCfg = Release|Any CPU
		{5C908C45-4EF6-4C3E-BC7A-11B0E4E18E70}.Release|Any CPU.Build.0 = Release|Any CPU
		{294E4BE3-6FEA-48BF-AC83-C484A8440687}.Debug|Any CPU.ActiveCfg = Debug|Any CPU
		{294E4BE3-6FEA-48BF-AC83-C484A8440687}.Debug|Any CPU.Build.0 = Debug|Any CPU
		{294E4BE3-6FEA-48BF-AC83-C484A8440687}.Release|Any CPU.ActiveCfg = Release|Any CPU
		{294E4BE3-6FEA-48BF-AC83-C484A8440687}.Release|Any CPU.Build.0 = Release|Any CPU
		{5BFDDD13-894A-4155-9697-66CA0B6FFE18}.Debug|Any CPU.ActiveCfg = Debug|Any CPU
		{5BFDDD13-894A-4155-9697-66CA0B6FFE18}.Debug|Any CPU.Build.0 = Debug|Any CPU
		{5BFDDD13-894A-4155-9697-66CA0B6FFE18}.Release|Any CPU.ActiveCfg = Release|Any CPU
		{5BFDDD13-894A-4155-9697-66CA0B6FFE18}.Release|Any CPU.Build.0 = Release|Any CPU
		{4D0ECC4C-7D26-297C-6222-E9323EC0DE75}.Debug|Any CPU.ActiveCfg = Debug|Any CPU
		{4D0ECC4C-7D26-297C-6222-E9323EC0DE75}.Debug|Any CPU.Build.0 = Debug|Any CPU
		{4D0ECC4C-7D26-297C-6222-E9323EC0DE75}.Release|Any CPU.ActiveCfg = Release|Any CPU
		{4D0ECC4C-7D26-297C-6222-E9323EC0DE75}.Release|Any CPU.Build.0 = Release|Any CPU
		{41760E84-6E0A-F0B4-D2E8-F169C475740F}.Debug|Any CPU.ActiveCfg = Debug|Any CPU
		{41760E84-6E0A-F0B4-D2E8-F169C475740F}.Debug|Any CPU.Build.0 = Debug|Any CPU
		{41760E84-6E0A-F0B4-D2E8-F169C475740F}.Release|Any CPU.ActiveCfg = Release|Any CPU
		{41760E84-6E0A-F0B4-D2E8-F169C475740F}.Release|Any CPU.Build.0 = Release|Any CPU
		{77F073BB-C745-E00D-1110-71C0455EF785}.Debug|Any CPU.ActiveCfg = Debug|Any CPU
		{77F073BB-C745-E00D-1110-71C0455EF785}.Debug|Any CPU.Build.0 = Debug|Any CPU
		{77F073BB-C745-E00D-1110-71C0455EF785}.Release|Any CPU.ActiveCfg = Release|Any CPU
		{77F073BB-C745-E00D-1110-71C0455EF785}.Release|Any CPU.Build.0 = Release|Any CPU
	EndGlobalSection
	GlobalSection(SolutionProperties) = preSolution
		HideSolutionNode = FALSE
	EndGlobalSection
	GlobalSection(NestedProjects) = preSolution
		{A668596B-8363-406E-90C3-FDA82C684D21} = {7CF0ADF3-3CF6-4E30-B1BB-CC4BBDDC81C7}
		{AB2711AA-7474-4AB4-8503-65489ACF033D} = {7CF0ADF3-3CF6-4E30-B1BB-CC4BBDDC81C7}
		{FE4D747A-DBEA-4700-9C3D-782C557D4D5A} = {A668596B-8363-406E-90C3-FDA82C684D21}
		{F7EC1FAD-612D-4D41-B140-2BCCECF6D75F} = {AB2711AA-7474-4AB4-8503-65489ACF033D}
		{5C908C45-4EF6-4C3E-BC7A-11B0E4E18E70} = {AB2711AA-7474-4AB4-8503-65489ACF033D}
		{294E4BE3-6FEA-48BF-AC83-C484A8440687} = {AB2711AA-7474-4AB4-8503-65489ACF033D}
		{5BFDDD13-894A-4155-9697-66CA0B6FFE18} = {AB2711AA-7474-4AB4-8503-65489ACF033D}
		{4D0ECC4C-7D26-297C-6222-E9323EC0DE75} = {AB2711AA-7474-4AB4-8503-65489ACF033D}
		{41760E84-6E0A-F0B4-D2E8-F169C475740F} = {A668596B-8363-406E-90C3-FDA82C684D21}
		{77F073BB-C745-E00D-1110-71C0455EF785} = {AB2711AA-7474-4AB4-8503-65489ACF033D}
	EndGlobalSection
	GlobalSection(ExtensibilityGlobals) = postSolution
		SolutionGuid = {23EF6A0D-6A29-45FB-8654-93611CBCD168}
	EndGlobalSection
EndGlobal
